
Microsoft Visual Studio Solution File, Format Version 12.00
Project("{FAE04EC0-301F-11D3-BF4B-00C04F79EFBC}") = "WeatherApp", "WeatherApp\WeatherApp\WeatherApp.csproj", "{71372C79-6A8C-4643-B04A-62BE84DB0D9F}"
EndProject
Project("{FAE04EC0-301F-11D3-BF4B-00C04F79EFBC}") = "WeatherApp.Client", "WeatherApp\WeatherApp.Client\WeatherApp.Client.csproj", "{8BEABFD6-C2FD-46DA-9E6E-4D8D4FF1590A}"
EndProject
Global
	GlobalSection(SolutionConfigurationPlatforms) = preSolution
		Debug|Any CPU = Debug|Any CPU
		Release|Any CPU = Release|Any CPU
	EndGlobalSection
	GlobalSection(ProjectConfigurationPlatforms) = postSolution
		{71372C79-6A8C-4643-B04A-62BE84DB0D9F}.Debug|Any CPU.ActiveCfg = Debug|Any CPU
		{71372C79-6A8C-4643-B04A-62BE84DB0D9F}.Debug|Any CPU.Build.0 = Debug|Any CPU
		{71372C79-6A8C-4643-B04A-62BE84DB0D9F}.Release|Any CPU.ActiveCfg = Release|Any CPU
		{71372C79-6A8C-4643-B04A-62BE84DB0D9F}.Release|Any CPU.Build.0 = Release|Any CPU
		{8BEABFD6-C2FD-46DA-9E6E-4D8D4FF1590A}.Debug|Any CPU.ActiveCfg = Debug|Any CPU
		{8BEABFD6-C2FD-46DA-9E6E-4D8D4FF1590A}.Debug|Any CPU.Build.0 = Debug|Any CPU
		{8BEABFD6-C2FD-46DA-9E6E-4D8D4FF1590A}.Release|Any CPU.ActiveCfg = Release|Any CPU
		{8BEABFD6-C2FD-46DA-9E6E-4D8D4FF1590A}.Release|Any CPU.Build.0 = Release|Any CPU
	EndGlobalSection
EndGlobal
